
Microsoft Visual Studio Solution File, Format Version 12.00
# Visual Studio Version 17
VisualStudioVersion = 17.0.31912.275
MinimumVisualStudioVersion = 10.0.40219.1
Project("{FAE04EC0-301F-11D3-BF4B-00C04F79EFBC}") = "MyFirstAzureWebApp", "MyFirstAzureWebApp\MyFirstAzureWebApp.csproj", "{E485435D-0C73-4289-AB05-3013DE12AD4F}"
EndProject
Global
	GlobalSection(SolutionConfigurationPlatforms) = preSolution
		Debug|Any CPU = Debug|Any CPU
		Release|Any CPU = Release|Any CPU
	EndGlobalSection
	GlobalSection(ProjectConfigurationPlatforms) = postSolution
		{E485435D-0C73-4289-AB05-3013DE12AD4F}.Debug|Any CPU.ActiveCfg = Debug|Any CPU
		{E485435D-0C73-4289-AB05-3013DE12AD4F}.Debug|Any CPU.Build.0 = Debug|Any CPU
		{E485435D-0C73-4289-AB05-3013DE12AD4F}.Release|Any CPU.ActiveCfg = Release|Any CPU
		{E485435D-0C73-4289-AB05-3013DE12AD4F}.Release|Any CPU.Build.0 = Release|Any CPU
	EndGlobalSection
	GlobalSection(SolutionProperties) = preSolution
		HideSolutionNode = FALSE
	EndGlobalSection
	GlobalSection(ExtensibilityGlobals) = postSolution
		SolutionGuid = {CF561225-4247-4515-A6A2-D1ADCBC104D9}
	EndGlobalSection
EndGlobal
